
Microsoft Visual Studio Solution File, Format Version 12.00
# Visual Studio 14
VisualStudioVersion = 14.0.24720.0
MinimumVisualStudioVersion = 10.0.40219.1
Project("{FAE04EC0-301F-11D3-BF4B-00C04F79EFBC}") = "OBeautifulCode.IO", "OBeautifulCode.IO\OBeautifulCode.IO.csproj", "{A33F158C-8DF9-4AE6-A357-E88DD3DE90BB}"
EndProject
Project("{FAE04EC0-301F-11D3-BF4B-00C04F79EFBC}") = "OBeautifulCode.IO.Test", "OBeautifulCode.IO.Test\OBeautifulCode.IO.Test.csproj", "{AD93CFFE-15C9-460C-841F-D107DC5ED536}"
EndProject
Global
	GlobalSection(SolutionConfigurationPlatforms) = preSolution
		Debug|Any CPU = Debug|Any CPU
		Release|Any CPU = Release|Any CPU
	EndGlobalSection
	GlobalSection(ProjectConfigurationPlatforms) = postSolution
		{A33F158C-8DF9-4AE6-A357-E88DD3DE90BB}.Debug|Any CPU.ActiveCfg = Debug|Any CPU
		{A33F158C-8DF9-4AE6-A357-E88DD3DE90BB}.Debug|Any CPU.Build.0 = Debug|Any CPU
		{A33F158C-8DF9-4AE6-A357-E88DD3DE90BB}.Release|Any CPU.ActiveCfg = Release|Any CPU
		{A33F158C-8DF9-4AE6-A357-E88DD3DE90BB}.Release|Any CPU.Build.0 = Release|Any CPU
		{AD93CFFE-15C9-460C-841F-D107DC5ED536}.Debug|Any CPU.ActiveCfg = Debug|Any CPU
		{AD93CFFE-15C9-460C-841F-D107DC5ED536}.Debug|Any CPU.Build.0 = Debug|Any CPU
		{AD93CFFE-15C9-460C-841F-D107DC5ED536}.Release|Any CPU.ActiveCfg = Release|Any CPU
		{AD93CFFE-15C9-460C-841F-D107DC5ED536}.Release|Any CPU.Build.0 = Release|Any CPU
	EndGlobalSection
	GlobalSection(SolutionProperties) = preSolution
		HideSolutionNode = FALSE
	EndGlobalSection
EndGlobal
